
Microsoft Visual Studio Solution File, Format Version 12.00
# Visual Studio 15
VisualStudioVersion = 15.0.28307.960
MinimumVisualStudioVersion = 10.0.40219.1
Project("{FAE04EC0-301F-11D3-BF4B-00C04F79EFBC}") = "FutureTools", "FutureTools\FutureTools.csproj", "{FE16FDED-8414-4086-A1C9-0BF1093B8A28}"
EndProject
Global
	GlobalSection(SolutionConfigurationPlatforms) = preSolution
		Debug|Any CPU = Debug|Any CPU
		Release|Any CPU = Release|Any CPU
	EndGlobalSection
	GlobalSection(ProjectConfigurationPlatforms) = postSolution
		{FE16FDED-8414-4086-A1C9-0BF1093B8A28}.Debug|Any CPU.ActiveCfg = Debug|Any CPU
		{FE16FDED-8414-4086-A1C9-0BF1093B8A28}.Debug|Any CPU.Build.0 = Debug|Any CPU
		{FE16FDED-8414-4086-A1C9-0BF1093B8A28}.Release|Any CPU.ActiveCfg = Release|Any CPU
		{FE16FDED-8414-4086-A1C9-0BF1093B8A28}.Release|Any CPU.Build.0 = Release|Any CPU
	EndGlobalSection
	GlobalSection(SolutionProperties) = preSolution
		HideSolutionNode = FALSE
	EndGlobalSection
	GlobalSection(ExtensibilityGlobals) = postSolution
		SolutionGuid = {37542FAC-15B5-4EC6-B331-E04FA6B930BB}
	EndGlobalSection
EndGlobal
